
Microsoft Visual Studio Solution File, Format Version 12.00
# Visual Studio 14
VisualStudioVersion = 14.0.25420.1
MinimumVisualStudioVersion = 10.0.40219.1
Project("{FAE04EC0-301F-11D3-BF4B-00C04F79EFBC}") = "Lonelywood.Onboarding.Android", "Lonelywood.Onboarding.Android\Lonelywood.Onboarding.Android.csproj", "{1FD73B47-DE3C-46F4-A00B-D548D6A43E98}"
EndProject
Project("{2150E333-8FDC-42A3-9474-1A3956D46DE8}") = "Samples", "Samples", "{4A8D5E22-3426-4BF1-8B72-0A0E31409721}"
EndProject
Project("{FAE04EC0-301F-11D3-BF4B-00C04F79EFBC}") = "Onboarding.Sample.Android", "Samples\Onboarding.Sample.Android\Onboarding.Sample.Android.csproj", "{5261AECE-FA65-4781-8BDA-517EA3B81E75}"
EndProject
Global
	GlobalSection(SolutionConfigurationPlatforms) = preSolution
		Debug|Any CPU = Debug|Any CPU
		Release|Any CPU = Release|Any CPU
	EndGlobalSection
	GlobalSection(ProjectConfigurationPlatforms) = postSolution
		{1FD73B47-DE3C-46F4-A00B-D548D6A43E98}.Debug|Any CPU.ActiveCfg = Debug|Any CPU
		{1FD73B47-DE3C-46F4-A00B-D548D6A43E98}.Debug|Any CPU.Build.0 = Debug|Any CPU
		{1FD73B47-DE3C-46F4-A00B-D548D6A43E98}.Release|Any CPU.ActiveCfg = Release|Any CPU
		{1FD73B47-DE3C-46F4-A00B-D548D6A43E98}.Release|Any CPU.Build.0 = Release|Any CPU
		{5261AECE-FA65-4781-8BDA-517EA3B81E75}.Debug|Any CPU.ActiveCfg = Debug|Any CPU
		{5261AECE-FA65-4781-8BDA-517EA3B81E75}.Debug|Any CPU.Build.0 = Debug|Any CPU
		{5261AECE-FA65-4781-8BDA-517EA3B81E75}.Debug|Any CPU.Deploy.0 = Debug|Any CPU
		{5261AECE-FA65-4781-8BDA-517EA3B81E75}.Release|Any CPU.ActiveCfg = Release|Any CPU
		{5261AECE-FA65-4781-8BDA-517EA3B81E75}.Release|Any CPU.Build.0 = Release|Any CPU
		{5261AECE-FA65-4781-8BDA-517EA3B81E75}.Release|Any CPU.Deploy.0 = Release|Any CPU
	EndGlobalSection
	GlobalSection(SolutionProperties) = preSolution
		HideSolutionNode = FALSE
	EndGlobalSection
	GlobalSection(NestedProjects) = preSolution
		{5261AECE-FA65-4781-8BDA-517EA3B81E75} = {4A8D5E22-3426-4BF1-8B72-0A0E31409721}
	EndGlobalSection
EndGlobal
